{
    "_readme": [
        "This file locks the dependencies of your project to a known state",
        "Read more about it at https://getcomposer.org/doc/01-basic-usage.md#composer-lock-the-lock-file",
        "This file is @generated automatically"
    ],
    "content-hash": "f1d2c92230c35230162cff798e5f2596",
    "packages": [
        {
            "name": "apache/log4php",
            "version": "2.3.0",
            "source": {
                "type": "git",
                "url": "https://git-wip-us.apache.org/repos/asf/logging-log4php.git",
                "reference": "cac428b6f67d2035af39784da1d1a299ef42fcf2"
            },
            "require": {
                "php": ">=5.2.7"
            },
            "type": "library",
            "autoload": {
                "classmap": [
                    "src/main/php/"
                ]
            },
            "notification-url": "https://packagist.org/downloads/",
            "license": [
                "Apache-2.0"
            ],
            "description": "A versatile logging framework for PHP",
            "homepage": "http://logging.apache.org/log4php/",
            "keywords": [
                "log",
                "logging",
                "php"
            ],
            "time": "2012-10-26T09:13:25+00:00"
        }
    ],
    "packages-dev": [],
    "aliases": [],
    "minimum-stability": "stable",
    "stability-flags": [],
    "prefer-stable": false,
    "prefer-lowest": false,
    "platform": [],
    "platform-dev": []
}
